{
  "name": "Animated-Portfolio",
  "lockfileVersion": 2,
  "requires": true,
  "packages": {
    "": {
      "dependencies": {
        "matter-js": "^0.18.0",
        "p5": "^1.4.1",
        "pathseg": "^1.2.1",
        "poly-decomp": "^0.3.0",
        "stats.js": "^0.17.0"
      }
    },
    "node_modules/matter-js": {
      "version": "0.18.0",
      "resolved": "https://registry.npmjs.org/matter-js/-/matter-js-0.18.0.tgz",
      "integrity": "sha512-/ZVem4WygUnbmo/iE4oHZpZS97btfBtYy5Iwn1396vUZU7YhgVEN8J4UWwfZwY1ZqoTYlPgjvSw9WXauuXL0mg=="
    },
    "node_modules/p5": {
      "version": "1.4.1",
      "resolved": "https://registry.npmjs.org/p5/-/p5-1.4.1.tgz",
      "integrity": "sha512-3/X+qb0bK2Cg8nuZNpZZvzxkeUSRghOf0S+l8c+U8yIkUTVSbbcV0R8y96rx3InVBVhk8cH9kFC93VlZZElqSw=="
    },
    "node_modules/pathseg": {
      "version": "1.2.1",
      "resolved": "https://registry.npmjs.org/pathseg/-/pathseg-1.2.1.tgz",
      "integrity": "sha512-LtvemzPvcGamWBbNWJaIrgfUzpynXfwYrP6SSFVRhNHVcCaq6SVm4kRGJNuIV8qzBKgCN3fEXFZZ16YETFIXoA=="
    },
    "node_modules/poly-decomp": {
      "version": "0.3.0",
      "resolved": "https://registry.npmjs.org/poly-decomp/-/poly-decomp-0.3.0.tgz",
      "integrity": "sha512-hWeBxGzPYiybmI4548Fca7Up/0k1qS5+79cVHI9+H33dKya5YNb9hxl0ZnDaDgvrZSuYFBhkCK/HOnqN7gefkQ==",
      "engines": {
        "node": "*"
      }
    },
    "node_modules/stats.js": {
      "version": "0.17.0",
      "resolved": "https://registry.npmjs.org/stats.js/-/stats.js-0.17.0.tgz",
      "integrity": "sha512-hNKz8phvYLPEcRkeG1rsGmV5ChMjKDAWU7/OJJdDErPBNChQXxCo3WZurGpnWc6gZhAzEPFad1aVgyOANH1sMw=="
    }
  },
  "dependencies": {
    "matter-js": {
      "version": "0.18.0",
      "resolved": "https://registry.npmjs.org/matter-js/-/matter-js-0.18.0.tgz",
      "integrity": "sha512-/ZVem4WygUnbmo/iE4oHZpZS97btfBtYy5Iwn1396vUZU7YhgVEN8J4UWwfZwY1ZqoTYlPgjvSw9WXauuXL0mg=="
    },
    "p5": {
      "version": "1.4.1",
      "resolved": "https://registry.npmjs.org/p5/-/p5-1.4.1.tgz",
      "integrity": "sha512-3/X+qb0bK2Cg8nuZNpZZvzxkeUSRghOf0S+l8c+U8yIkUTVSbbcV0R8y96rx3InVBVhk8cH9kFC93VlZZElqSw=="
    },
    "pathseg": {
      "version": "1.2.1",
      "resolved": "https://registry.npmjs.org/pathseg/-/pathseg-1.2.1.tgz",
      "integrity": "sha512-LtvemzPvcGamWBbNWJaIrgfUzpynXfwYrP6SSFVRhNHVcCaq6SVm4kRGJNuIV8qzBKgCN3fEXFZZ16YETFIXoA=="
    },
    "poly-decomp": {
      "version": "0.3.0",
      "resolved": "https://registry.npmjs.org/poly-decomp/-/poly-decomp-0.3.0.tgz",
      "integrity": "sha512-hWeBxGzPYiybmI4548Fca7Up/0k1qS5+79cVHI9+H33dKya5YNb9hxl0ZnDaDgvrZSuYFBhkCK/HOnqN7gefkQ=="
    },
    "stats.js": {
      "version": "0.17.0",
      "resolved": "https://registry.npmjs.org/stats.js/-/stats.js-0.17.0.tgz",
      "integrity": "sha512-hNKz8phvYLPEcRkeG1rsGmV5ChMjKDAWU7/OJJdDErPBNChQXxCo3WZurGpnWc6gZhAzEPFad1aVgyOANH1sMw=="
    }
  }
}
